
Microsoft Visual Studio Solution File, Format Version 12.00
# Visual Studio Version 16
VisualStudioVersion = 16.0.31205.134
MinimumVisualStudioVersion = 10.0.40219.1
Project("{FAE04EC0-301F-11D3-BF4B-00C04F79EFBC}") = "AtkEventPlugin", "AtkEventPlugin.csproj", "{CBEA3CAE-ACD4-46ED-BD8D-8421D9147AF9}"
EndProject
Global
	GlobalSection(SolutionConfigurationPlatforms) = preSolution
		Debug|Any CPU = Debug|Any CPU
		Release|Any CPU = Release|Any CPU
	EndGlobalSection
	GlobalSection(ProjectConfigurationPlatforms) = postSolution
		{CBEA3CAE-ACD4-46ED-BD8D-8421D9147AF9}.Debug|Any CPU.ActiveCfg = Debug|Any CPU
		{CBEA3CAE-ACD4-46ED-BD8D-8421D9147AF9}.Debug|Any CPU.Build.0 = Debug|Any CPU
		{CBEA3CAE-ACD4-46ED-BD8D-8421D9147AF9}.Release|Any CPU.ActiveCfg = Release|Any CPU
		{CBEA3CAE-ACD4-46ED-BD8D-8421D9147AF9}.Release|Any CPU.Build.0 = Release|Any CPU
	EndGlobalSection
	GlobalSection(SolutionProperties) = preSolution
		HideSolutionNode = FALSE
	EndGlobalSection
	GlobalSection(ExtensibilityGlobals) = postSolution
		SolutionGuid = {009FEA4D-DCA5-448B-8C62-F7C218D26892}
	EndGlobalSection
EndGlobal
